PODS:
  - Flutter (1.0.0)
  - flutter_lottieview (0.0.1):
    - Flutter
    - lottie-ios
  - lottie-ios (3.1.5)

DEPENDENCIES:
  - Flutter (from `.symlinks/flutter/ios`)
  - flutter_lottieview (from `.symlinks/plugins/flutter_lottieview/ios`)

SPEC REPOS:
  https://github.com/cocoapods/specs.git:
    - lottie-ios

EXTERNAL SOURCES:
  Flutter:
    :path: ".symlinks/flutter/ios"
  flutter_lottieview:
    :path: ".symlinks/plugins/flutter_lottieview/ios"

SPEC CHECKSUMS:
  Flutter: 0e3d915762c693b495b44d77113d4970485de6ec
  flutter_lottieview: 06893bae6b6cb4f027368744044d10dd65053557
  lottie-ios: 32bf84389337d86fbc8b12266e88452e0abf1dee

PODFILE CHECKSUM: ca5d35f127511a25d7b12cfd6975f08229c3cfe5

COCOAPODS: 1.7.5
